
Microsoft Visual Studio Solution File, Format Version 12.00
# Visual Studio 15
VisualStudioVersion = 15.0.28307.421
MinimumVisualStudioVersion = 10.0.40219.1
Project("{FAE04EC0-301F-11D3-BF4B-00C04F79EFBC}") = "SEH-America-Code-Test", "SEH-America-Code-Test\SEH-America-Code-Test.csproj", "{A1E985D8-289F-4428-A6BA-9F1556576D19}"
EndProject
Global
	GlobalSection(SolutionConfigurationPlatforms) = preSolution
		Debug|Any CPU = Debug|Any CPU
		Release|Any CPU = Release|Any CPU
	EndGlobalSection
	GlobalSection(ProjectConfigurationPlatforms) = postSolution
		{A1E985D8-289F-4428-A6BA-9F1556576D19}.Debug|Any CPU.ActiveCfg = Debug|Any CPU
		{A1E985D8-289F-4428-A6BA-9F1556576D19}.Debug|Any CPU.Build.0 = Debug|Any CPU
		{A1E985D8-289F-4428-A6BA-9F1556576D19}.Release|Any CPU.ActiveCfg = Release|Any CPU
		{A1E985D8-289F-4428-A6BA-9F1556576D19}.Release|Any CPU.Build.0 = Release|Any CPU
	EndGlobalSection
	GlobalSection(SolutionProperties) = preSolution
		HideSolutionNode = FALSE
	EndGlobalSection
	GlobalSection(ExtensibilityGlobals) = postSolution
		SolutionGuid = {5673D221-7ED9-42B7-95D4-40068E8A58E9}
	EndGlobalSection
EndGlobal
